
Microsoft Visual Studio Solution File, Format Version 12.00
# Visual Studio Version 17
VisualStudioVersion = 17.4.33110.190
MinimumVisualStudioVersion = 10.0.40219.1
Project("{9A19103F-16F7-4668-BE54-9A1E7A4F7556}") = "DL", "DL\DL.csproj", "{F45C8AB5-3461-401C-9EA4-4069012315A4}"
EndProject
Project("{9A19103F-16F7-4668-BE54-9A1E7A4F7556}") = "BL", "BL\BL.csproj", "{471B3318-1832-4FE7-8DF6-E6BEA952B831}"
EndProject
Project("{9A19103F-16F7-4668-BE54-9A1E7A4F7556}") = "ML", "ML\ML.csproj", "{97174BD9-EE63-41AC-80B9-5412E1595CB9}"
EndProject
Project("{9A19103F-16F7-4668-BE54-9A1E7A4F7556}") = "PL", "PL\PL.csproj", "{196179E4-1B14-4EE2-A91B-4E0BBC46744F}"
EndProject
Project("{FAE04EC0-301F-11D3-BF4B-00C04F79EFBC}") = "SL", "SL\SL.csproj", "{9994A9F1-539B-4576-96C1-35EEBB65DB6E}"
EndProject
Global
	GlobalSection(SolutionConfigurationPlatforms) = preSolution
		Debug|Any CPU = Debug|Any CPU
		Release|Any CPU = Release|Any CPU
	EndGlobalSection
	GlobalSection(ProjectConfigurationPlatforms) = postSolution
		{F45C8AB5-3461-401C-9EA4-4069012315A4}.Debug|Any CPU.ActiveCfg = Debug|Any CPU
		{F45C8AB5-3461-401C-9EA4-4069012315A4}.Debug|Any CPU.Build.0 = Debug|Any CPU
		{F45C8AB5-3461-401C-9EA4-4069012315A4}.Release|Any CPU.ActiveCfg = Release|Any CPU
		{F45C8AB5-3461-401C-9EA4-4069012315A4}.Release|Any CPU.Build.0 = Release|Any CPU
		{471B3318-1832-4FE7-8DF6-E6BEA952B831}.Debug|Any CPU.ActiveCfg = Debug|Any CPU
		{471B3318-1832-4FE7-8DF6-E6BEA952B831}.Debug|Any CPU.Build.0 = Debug|Any CPU
		{471B3318-1832-4FE7-8DF6-E6BEA952B831}.Release|Any CPU.ActiveCfg = Release|Any CPU
		{471B3318-1832-4FE7-8DF6-E6BEA952B831}.Release|Any CPU.Build.0 = Release|Any CPU
		{97174BD9-EE63-41AC-80B9-5412E1595CB9}.Debug|Any CPU.ActiveCfg = Debug|Any CPU
		{97174BD9-EE63-41AC-80B9-5412E1595CB9}.Debug|Any CPU.Build.0 = Debug|Any CPU
		{97174BD9-EE63-41AC-80B9-5412E1595CB9}.Release|Any CPU.ActiveCfg = Release|Any CPU
		{97174BD9-EE63-41AC-80B9-5412E1595CB9}.Release|Any CPU.Build.0 = Release|Any CPU
		{196179E4-1B14-4EE2-A91B-4E0BBC46744F}.Debug|Any CPU.ActiveCfg = Debug|Any CPU
		{196179E4-1B14-4EE2-A91B-4E0BBC46744F}.Debug|Any CPU.Build.0 = Debug|Any CPU
		{196179E4-1B14-4EE2-A91B-4E0BBC46744F}.Release|Any CPU.ActiveCfg = Release|Any CPU
		{196179E4-1B14-4EE2-A91B-4E0BBC46744F}.Release|Any CPU.Build.0 = Release|Any CPU
		{9994A9F1-539B-4576-96C1-35EEBB65DB6E}.Debug|Any CPU.ActiveCfg = Debug|Any CPU
		{9994A9F1-539B-4576-96C1-35EEBB65DB6E}.Debug|Any CPU.Build.0 = Debug|Any CPU
		{9994A9F1-539B-4576-96C1-35EEBB65DB6E}.Release|Any CPU.ActiveCfg = Release|Any CPU
		{9994A9F1-539B-4576-96C1-35EEBB65DB6E}.Release|Any CPU.Build.0 = Release|Any CPU
	EndGlobalSection
	GlobalSection(SolutionProperties) = preSolution
		HideSolutionNode = FALSE
	EndGlobalSection
	GlobalSection(ExtensibilityGlobals) = postSolution
		SolutionGuid = {03C5A8C5-A8F1-4B05-9025-50D7BF954DEA}
	EndGlobalSection
EndGlobal
